
Microsoft Visual Studio Solution File, Format Version 12.00
# Visual Studio Version 17
VisualStudioVersion = 17.5.002.0
MinimumVisualStudioVersion = 10.0.40219.1
Project("{2150E333-8FDC-42A3-9474-1A3956D46DE8}") = "csharp-prep", "csharp-prep", "{F1412416-1D29-42F7-8DE5-D949D4CA7B27}"
EndProject
Project("{9A19103F-16F7-4668-BE54-9A1E7A4F7556}") = "Prep1", "csharp-prep\Prep1\Prep1.csproj", "{4A006C3E-BE5E-4A44-B6C9-7D2D98365714}"
EndProject
Project("{9A19103F-16F7-4668-BE54-9A1E7A4F7556}") = "Prep2", "csharp-prep\Prep2\Prep2.csproj", "{CBE1C8D7-531C-4E5C-B8BA-4ED88B87FA1F}"
EndProject
Project("{9A19103F-16F7-4668-BE54-9A1E7A4F7556}") = "Prep3", "csharp-prep\Prep3\Prep3.csproj", "{575E0E1E-C3F5-441E-9053-80E8036248AE}"
EndProject
Project("{9A19103F-16F7-4668-BE54-9A1E7A4F7556}") = "Prep4", "csharp-prep\Prep4\Prep4.csproj", "{47F4B22F-F923-46F8-AFDF-1C1174667EF7}"
EndProject
Project("{9A19103F-16F7-4668-BE54-9A1E7A4F7556}") = "Prep5", "csharp-prep\Prep5\Prep5.csproj", "{DF18FD3C-8325-4BA7-B6F8-D91D5D086B8B}"
EndProject
Project("{2150E333-8FDC-42A3-9474-1A3956D46DE8}") = "final", "final", "{B25166C3-9D9F-4F4B-AAA5-8E24F0C020CD}"
EndProject
Project("{9A19103F-16F7-4668-BE54-9A1E7A4F7556}") = "FinalProject", "final\FinalProject\FinalProject.csproj", "{E156DF00-C55E-4083-9723-633383D902F7}"
EndProject
Project("{9A19103F-16F7-4668-BE54-9A1E7A4F7556}") = "Foundation1", "final\Foundation1\Foundation1.csproj", "{48CD2819-95A3-43FE-8379-C7FAAF9ADE6B}"
EndProject
Project("{9A19103F-16F7-4668-BE54-9A1E7A4F7556}") = "Foundation2", "final\Foundation2\Foundation2.csproj", "{F2EC06E5-97AE-45CE-96BB-4E2048CC35FC}"
EndProject
Project("{9A19103F-16F7-4668-BE54-9A1E7A4F7556}") = "Foundation3", "final\Foundation3\Foundation3.csproj", "{673509D2-349B-4A3A-84B9-49E7E885B1F6}"
EndProject
Project("{9A19103F-16F7-4668-BE54-9A1E7A4F7556}") = "Foundation4", "final\Foundation4\Foundation4.csproj", "{910B8567-98D9-4953-81DB-F76F717790C0}"
EndProject
Project("{2150E333-8FDC-42A3-9474-1A3956D46DE8}") = "prepare", "prepare", "{3204401C-5463-403B-90B7-A420FFBFB5F1}"
EndProject
Project("{9A19103F-16F7-4668-BE54-9A1E7A4F7556}") = "Learning02", "prepare\Learning02\Learning02.csproj", "{F610D927-CFE0-41BE-AFDD-7554713573EC}"
EndProject
Project("{9A19103F-16F7-4668-BE54-9A1E7A4F7556}") = "Learning03", "prepare\Learning03\Learning03.csproj", "{3920E790-A6F0-48C0-B3D7-EB8B746EF902}"
EndProject
Project("{9A19103F-16F7-4668-BE54-9A1E7A4F7556}") = "Learning04", "prepare\Learning04\Learning04.csproj", "{86BD48C3-F4C0-4B0B-91A9-934B671B3888}"
EndProject
Project("{9A19103F-16F7-4668-BE54-9A1E7A4F7556}") = "Learning05", "prepare\Learning05\Learning05.csproj", "{D2CFE558-1805-45F1-B006-4A841E7DCEBF}"
EndProject
Project("{2150E333-8FDC-42A3-9474-1A3956D46DE8}") = "prove", "prove", "{97F9B161-8C43-40A2-8B1A-B00C176214D3}"
EndProject
Project("{9A19103F-16F7-4668-BE54-9A1E7A4F7556}") = "Develop02", "prove\Develop02\Develop02.csproj", "{B72B7484-E596-4D01-8F82-4196B384FA2E}"
EndProject
Project("{9A19103F-16F7-4668-BE54-9A1E7A4F7556}") = "Develop03", "prove\Develop03\Develop03.csproj", "{A341B2DA-2813-4F40-AC29-F616E3ACCBA8}"
EndProject
Project("{9A19103F-16F7-4668-BE54-9A1E7A4F7556}") = "Develop04", "prove\Develop04\Develop04.csproj", "{CF15706E-DA89-4E7F-8639-85118200A6D4}"
EndProject
Project("{9A19103F-16F7-4668-BE54-9A1E7A4F7556}") = "Develop05", "prove\Develop05\Develop05.csproj", "{C7EB92D9-3873-43E4-8BB1-6F7A64FE7C66}"
EndProject
Project("{2150E333-8FDC-42A3-9474-1A3956D46DE8}") = "sandbox", "sandbox", "{9B6C77A9-8BE0-4C34-9A22-9DABB8663A24}"
EndProject
Project("{9A19103F-16F7-4668-BE54-9A1E7A4F7556}") = "Sandbox", "sandbox\Sandbox\Sandbox.csproj", "{CF3EE193-AA41-4925-8BA1-3A95D89F7D27}"
EndProject
Global
	GlobalSection(SolutionConfigurationPlatforms) = preSolution
		Debug|Any CPU = Debug|Any CPU
		Release|Any CPU = Release|Any CPU
	EndGlobalSection
	GlobalSection(ProjectConfigurationPlatforms) = postSolution
		{4A006C3E-BE5E-4A44-B6C9-7D2D98365714}.Debug|Any CPU.ActiveCfg = Debug|Any CPU
		{4A006C3E-BE5E-4A44-B6C9-7D2D98365714}.Debug|Any CPU.Build.0 = Debug|Any CPU
		{4A006C3E-BE5E-4A44-B6C9-7D2D98365714}.Release|Any CPU.ActiveCfg = Release|Any CPU
		{4A006C3E-BE5E-4A44-B6C9-7D2D98365714}.Release|Any CPU.Build.0 = Release|Any CPU
		{CBE1C8D7-531C-4E5C-B8BA-4ED88B87FA1F}.Debug|Any CPU.ActiveCfg = Debug|Any CPU
		{CBE1C8D7-531C-4E5C-B8BA-4ED88B87FA1F}.Debug|Any CPU.Build.0 = Debug|Any CPU
		{CBE1C8D7-531C-4E5C-B8BA-4ED88B87FA1F}.Release|Any CPU.ActiveCfg = Release|Any CPU
		{CBE1C8D7-531C-4E5C-B8BA-4ED88B87FA1F}.Release|Any CPU.Build.0 = Release|Any CPU
		{575E0E1E-C3F5-441E-9053-80E8036248AE}.Debug|Any CPU.ActiveCfg = Debug|Any CPU
		{575E0E1E-C3F5-441E-9053-80E8036248AE}.Debug|Any CPU.Build.0 = Debug|Any CPU
		{575E0E1E-C3F5-441E-9053-80E8036248AE}.Release|Any CPU.ActiveCfg = Release|Any CPU
		{575E0E1E-C3F5-441E-9053-80E8036248AE}.Release|Any CPU.Build.0 = Release|Any CPU
		{47F4B22F-F923-46F8-AFDF-1C1174667EF7}.Debug|Any CPU.ActiveCfg = Debug|Any CPU
		{47F4B22F-F923-46F8-AFDF-1C1174667EF7}.Debug|Any CPU.Build.0 = Debug|Any CPU
		{47F4B22F-F923-46F8-AFDF-1C1174667EF7}.Release|Any CPU.ActiveCfg = Release|Any CPU
		{47F4B22F-F923-46F8-AFDF-1C1174667EF7}.Release|Any CPU.Build.0 = Release|Any CPU
		{DF18FD3C-8325-4BA7-B6F8-D91D5D086B8B}.Debug|Any CPU.ActiveCfg = Debug|Any CPU
		{DF18FD3C-8325-4BA7-B6F8-D91D5D086B8B}.Debug|Any CPU.Build.0 = Debug|Any CPU
		{DF18FD3C-8325-4BA7-B6F8-D91D5D086B8B}.Release|Any CPU.ActiveCfg = Release|Any CPU
		{DF18FD3C-8325-4BA7-B6F8-D91D5D086B8B}.Release|Any CPU.Build.0 = Release|Any CPU
		{E156DF00-C55E-4083-9723-633383D902F7}.Debug|Any CPU.ActiveCfg = Debug|Any CPU
		{E156DF00-C55E-4083-9723-633383D902F7}.Debug|Any CPU.Build.0 = Debug|Any CPU
		{E156DF00-C55E-4083-9723-633383D902F7}.Release|Any CPU.ActiveCfg = Release|Any CPU
		{E156DF00-C55E-4083-9723-633383D902F7}.Release|Any CPU.Build.0 = Release|Any CPU
		{48CD2819-95A3-43FE-8379-C7FAAF9ADE6B}.Debug|Any CPU.ActiveCfg = Debug|Any CPU
		{48CD2819-95A3-43FE-8379-C7FAAF9ADE6B}.Debug|Any CPU.Build.0 = Debug|Any CPU
		{48CD2819-95A3-43FE-8379-C7FAAF9ADE6B}.Release|Any CPU.ActiveCfg = Release|Any CPU
		{48CD2819-95A3-43FE-8379-C7FAAF9ADE6B}.Release|Any CPU.Build.0 = Release|Any CPU
		{F2EC06E5-97AE-45CE-96BB-4E2048CC35FC}.Debug|Any CPU.ActiveCfg = Debug|Any CPU
		{F2EC06E5-97AE-45CE-96BB-4E2048CC35FC}.Debug|Any CPU.Build.0 = Debug|Any CPU
		{F2EC06E5-97AE-45CE-96BB-4E2048CC35FC}.Release|Any CPU.ActiveCfg = Release|Any CPU
		{F2EC06E5-97AE-45CE-96BB-4E2048CC35FC}.Release|Any CPU.Build.0 = Release|Any CPU
		{673509D2-349B-4A3A-84B9-49E7E885B1F6}.Debug|Any CPU.ActiveCfg = Debug|Any CPU
		{673509D2-349B-4A3A-84B9-49E7E885B1F6}.Debug|Any CPU.Build.0 = Debug|Any CPU
		{673509D2-349B-4A3A-84B9-49E7E885B1F6}.Release|Any CPU.ActiveCfg = Release|Any CPU
		{673509D2-349B-4A3A-84B9-49E7E885B1F6}.Release|Any CPU.Build.0 = Release|Any CPU
		{910B8567-98D9-4953-81DB-F76F717790C0}.Debug|Any CPU.ActiveCfg = Debug|Any CPU
		{910B8567-98D9-4953-81DB-F76F717790C0}.Debug|Any CPU.Build.0 = Debug|Any CPU
		{910B8567-98D9-4953-81DB-F76F717790C0}.Release|Any CPU.ActiveCfg = Release|Any CPU
		{910B8567-98D9-4953-81DB-F76F717790C0}.Release|Any CPU.Build.0 = Release|Any CPU
		{F610D927-CFE0-41BE-AFDD-7554713573EC}.Debug|Any CPU.ActiveCfg = Debug|Any CPU
		{F610D927-CFE0-41BE-AFDD-7554713573EC}.Debug|Any CPU.Build.0 = Debug|Any CPU
		{F610D927-CFE0-41BE-AFDD-7554713573EC}.Release|Any CPU.ActiveCfg = Release|Any CPU
		{F610D927-CFE0-41BE-AFDD-7554713573EC}.Release|Any CPU.Build.0 = Release|Any CPU
		{3920E790-A6F0-48C0-B3D7-EB8B746EF902}.Debug|Any CPU.ActiveCfg = Debug|Any CPU
		{3920E790-A6F0-48C0-B3D7-EB8B746EF902}.Debug|Any CPU.Build.0 = Debug|Any CPU
		{3920E790-A6F0-48C0-B3D7-EB8B746EF902}.Release|Any CPU.ActiveCfg = Release|Any CPU
		{3920E790-A6F0-48C0-B3D7-EB8B746EF902}.Release|Any CPU.Build.0 = Release|Any CPU
		{86BD48C3-F4C0-4B0B-91A9-934B671B3888}.Debug|Any CPU.ActiveCfg = Debug|Any CPU
		{86BD48C3-F4C0-4B0B-91A9-934B671B3888}.Debug|Any CPU.Build.0 = Debug|Any CPU
		{86BD48C3-F4C0-4B0B-91A9-934B671B3888}.Release|Any CPU.ActiveCfg = Release|Any CPU
		{86BD48C3-F4C0-4B0B-91A9-934B671B3888}.Release|Any CPU.Build.0 = Release|Any CPU
		{D2CFE558-1805-45F1-B006-4A841E7DCEBF}.Debug|Any CPU.ActiveCfg = Debug|Any CPU
		{D2CFE558-1805-45F1-B006-4A841E7DCEBF}.Debug|Any CPU.Build.0 = Debug|Any CPU
		{D2CFE558-1805-45F1-B006-4A841E7DCEBF}.Release|Any CPU.ActiveCfg = Release|Any CPU
		{D2CFE558-1805-45F1-B006-4A841E7DCEBF}.Release|Any CPU.Build.0 = Release|Any CPU
		{B72B7484-E596-4D01-8F82-4196B384FA2E}.Debug|Any CPU.ActiveCfg = Debug|Any CPU
		{B72B7484-E596-4D01-8F82-4196B384FA2E}.Debug|Any CPU.Build.0 = Debug|Any CPU
		{B72B7484-E596-4D01-8F82-4196B384FA2E}.Release|Any CPU.ActiveCfg = Release|Any CPU
		{B72B7484-E596-4D01-8F82-4196B384FA2E}.Release|Any CPU.Build.0 = Release|Any CPU
		{A341B2DA-2813-4F40-AC29-F616E3ACCBA8}.Debug|Any CPU.ActiveCfg = Debug|Any CPU
		{A341B2DA-2813-4F40-AC29-F616E3ACCBA8}.Debug|Any CPU.Build.0 = Debug|Any CPU
		{A341B2DA-2813-4F40-AC29-F616E3ACCBA8}.Release|Any CPU.ActiveCfg = Release|Any CPU
		{A341B2DA-2813-4F40-AC29-F616E3ACCBA8}.Release|Any CPU.Build.0 = Release|Any CPU
		{CF15706E-DA89-4E7F-8639-85118200A6D4}.Debug|Any CPU.ActiveCfg = Debug|Any CPU
		{CF15706E-DA89-4E7F-8639-85118200A6D4}.Debug|Any CPU.Build.0 = Debug|Any CPU
		{CF15706E-DA89-4E7F-8639-85118200A6D4}.Release|Any CPU.ActiveCfg = Release|Any CPU
		{CF15706E-DA89-4E7F-8639-85118200A6D4}.Release|Any CPU.Build.0 = Release|Any CPU
		{C7EB92D9-3873-43E4-8BB1-6F7A64FE7C66}.Debug|Any CPU.ActiveCfg = Debug|Any CPU
		{C7EB92D9-3873-43E4-8BB1-6F7A64FE7C66}.Debug|Any CPU.Build.0 = Debug|Any CPU
		{C7EB92D9-3873-43E4-8BB1-6F7A64FE7C66}.Release|Any CPU.ActiveCfg = Release|Any CPU
		{C7EB92D9-3873-43E4-8BB1-6F7A64FE7C66}.Release|Any CPU.Build.0 = Release|Any CPU
		{CF3EE193-AA41-4925-8BA1-3A95D89F7D27}.Debug|Any CPU.ActiveCfg = Debug|Any CPU
		{CF3EE193-AA41-4925-8BA1-3A95D89F7D27}.Debug|Any CPU.Build.0 = Debug|Any CPU
		{CF3EE193-AA41-4925-8BA1-3A95D89F7D27}.Release|Any CPU.ActiveCfg = Release|Any CPU
		{CF3EE193-AA41-4925-8BA1-3A95D89F7D27}.Release|Any CPU.Build.0 = Release|Any CPU
	EndGlobalSection
	GlobalSection(SolutionProperties) = preSolution
		HideSolutionNode = FALSE
	EndGlobalSection
	GlobalSection(NestedProjects) = preSolution
		{4A006C3E-BE5E-4A44-B6C9-7D2D98365714} = {F1412416-1D29-42F7-8DE5-D949D4CA7B27}
		{CBE1C8D7-531C-4E5C-B8BA-4ED88B87FA1F} = {F1412416-1D29-42F7-8DE5-D949D4CA7B27}
		{575E0E1E-C3F5-441E-9053-80E8036248AE} = {F1412416-1D29-42F7-8DE5-D949D4CA7B27}
		{47F4B22F-F923-46F8-AFDF-1C1174667EF7} = {F1412416-1D29-42F7-8DE5-D949D4CA7B27}
		{DF18FD3C-8325-4BA7-B6F8-D91D5D086B8B} = {F1412416-1D29-42F7-8DE5-D949D4CA7B27}
		{E156DF00-C55E-4083-9723-633383D902F7} = {B25166C3-9D9F-4F4B-AAA5-8E24F0C020CD}
		{48CD2819-95A3-43FE-8379-C7FAAF9ADE6B} = {B25166C3-9D9F-4F4B-AAA5-8E24F0C020CD}
		{F2EC06E5-97AE-45CE-96BB-4E2048CC35FC} = {B25166C3-9D9F-4F4B-AAA5-8E24F0C020CD}
		{673509D2-349B-4A3A-84B9-49E7E885B1F6} = {B25166C3-9D9F-4F4B-AAA5-8E24F0C020CD}
		{910B8567-98D9-4953-81DB-F76F717790C0} = {B25166C3-9D9F-4F4B-AAA5-8E24F0C020CD}
		{F610D927-CFE0-41BE-AFDD-7554713573EC} = {3204401C-5463-403B-90B7-A420FFBFB5F1}
		{3920E790-A6F0-48C0-B3D7-EB8B746EF902} = {3204401C-5463-403B-90B7-A420FFBFB5F1}
		{86BD48C3-F4C0-4B0B-91A9-934B671B3888} = {3204401C-5463-403B-90B7-A420FFBFB5F1}
		{D2CFE558-1805-45F1-B006-4A841E7DCEBF} = {3204401C-5463-403B-90B7-A420FFBFB5F1}
		{B72B7484-E596-4D01-8F82-4196B384FA2E} = {97F9B161-8C43-40A2-8B1A-B00C176214D3}
		{A341B2DA-2813-4F40-AC29-F616E3ACCBA8} = {97F9B161-8C43-40A2-8B1A-B00C176214D3}
		{CF15706E-DA89-4E7F-8639-85118200A6D4} = {97F9B161-8C43-40A2-8B1A-B00C176214D3}
		{C7EB92D9-3873-43E4-8BB1-6F7A64FE7C66} = {97F9B161-8C43-40A2-8B1A-B00C176214D3}
		{CF3EE193-AA41-4925-8BA1-3A95D89F7D27} = {9B6C77A9-8BE0-4C34-9A22-9DABB8663A24}
	EndGlobalSection
	GlobalSection(ExtensibilityGlobals) = postSolution
		SolutionGuid = {5FE6BBD1-4DB3-407E-8F75-17E036CF6CE8}
	EndGlobalSection
EndGlobal
